// !$*UTF8*$!
{
	archiveVersion = 1;
	classes = {
	};
	objectVersion = 50;
	objects = {

/* Begin PBXBuildFile section */
		5F08E9F824B35D340058C826 /* GrupoFVRow.swift in Sources */ = {isa = PBXBuildFile; fileRef = 5F08E9F724B35D340058C826 /* GrupoFVRow.swift */; };
		5F16CF7E24ACD8420033EF92 /* formasVerbalesData.json in Resources */ = {isa = PBXBuildFile; fileRef = 5F16CF7D24ACD8420033EF92 /* formasVerbalesData.json */; };
		5F2A61F124B360B5002CB1AF /* EjemploFVRow.swift in Sources */ = {isa = PBXBuildFile; fileRef = 5F2A61F024B360B5002CB1AF /* EjemploFVRow.swift */; };
		5F2A61F324B3620E002CB1AF /* FormaVerbalView.swift in Sources */ = {isa = PBXBuildFile; fileRef = 5F2A61F224B3620E002CB1AF /* FormaVerbalView.swift */; };
		5F2A61F524B3669A002CB1AF /* FormasVerbalesList.swift in Sources */ = {isa = PBXBuildFile; fileRef = 5F2A61F424B3669A002CB1AF /* FormasVerbalesList.swift */; };
		5F85800A24378A0B007E0173 /* AppDelegate.swift in Sources */ = {isa = PBXBuildFile; fileRef = 5F85800924378A0B007E0173 /* AppDelegate.swift */; };
		5F85800C24378A0B007E0173 /* SceneDelegate.swift in Sources */ = {isa = PBXBuildFile; fileRef = 5F85800B24378A0B007E0173 /* SceneDelegate.swift */; };
		5F85800E24378A0B007E0173 /* ContentView.swift in Sources */ = {isa = PBXBuildFile; fileRef = 5F85800D24378A0B007E0173 /* ContentView.swift */; };
		5F85801024378A0E007E0173 /* Assets.xcassets in Resources */ = {isa = PBXBuildFile; fileRef = 5F85800F24378A0E007E0173 /* Assets.xcassets */; };
		5F85801324378A0E007E0173 /* Preview Assets.xcassets in Resources */ = {isa = PBXBuildFile; fileRef = 5F85801224378A0E007E0173 /* Preview Assets.xcassets */; };
		5F85801624378A0E007E0173 /* LaunchScreen.storyboard in Resources */ = {isa = PBXBuildFile; fileRef = 5F85801424378A0E007E0173 /* LaunchScreen.storyboard */; };
		5F85802224379A3C007E0173 /* Data.swift in Sources */ = {isa = PBXBuildFile; fileRef = 5F85802124379A3C007E0173 /* Data.swift */; };
		5F85802424379A87007E0173 /* Tema.swift in Sources */ = {isa = PBXBuildFile; fileRef = 5F85802324379A87007E0173 /* Tema.swift */; };
		5F85802624379C72007E0173 /* TemaList.swift in Sources */ = {isa = PBXBuildFile; fileRef = 5F85802524379C72007E0173 /* TemaList.swift */; };
		5F85802A24379DC6007E0173 /* UserData.swift in Sources */ = {isa = PBXBuildFile; fileRef = 5F85802924379DC6007E0173 /* UserData.swift */; };
		5F85802C2437A53E007E0173 /* temaData.json in Resources */ = {isa = PBXBuildFile; fileRef = 5F85802B2437A53E007E0173 /* temaData.json */; };
		5F85802E2437BAB8007E0173 /* GramaticaList.swift in Sources */ = {isa = PBXBuildFile; fileRef = 5F85802D2437BAB8007E0173 /* GramaticaList.swift */; };
		5F8580302437BB19007E0173 /* VocabularioList.swift in Sources */ = {isa = PBXBuildFile; fileRef = 5F85802F2437BB19007E0173 /* VocabularioList.swift */; };
		5F8580322437BB5A007E0173 /* VocabularioRow.swift in Sources */ = {isa = PBXBuildFile; fileRef = 5F8580312437BB5A007E0173 /* VocabularioRow.swift */; };
		5F8580342437D7AF007E0173 /* TemaView.swift in Sources */ = {isa = PBXBuildFile; fileRef = 5F8580332437D7AF007E0173 /* TemaView.swift */; };
/* End PBXBuildFile section */

/* Begin PBXFileReference section */
		5F08E9F724B35D340058C826 /* GrupoFVRow.swift */ = {isa = PBXFileReference; lastKnownFileType = sourcecode.swift; path = GrupoFVRow.swift; sourceTree = "<group>"; };
		5F16CF7D24ACD8420033EF92 /* formasVerbalesData.json */ = {isa = PBXFileReference; fileEncoding = 4; lastKnownFileType = text.json; path = formasVerbalesData.json; sourceTree = "<group>"; };
		5F2A61F024B360B5002CB1AF /* EjemploFVRow.swift */ = {isa = PBXFileReference; lastKnownFileType = sourcecode.swift; path = EjemploFVRow.swift; sourceTree = "<group>"; };
		5F2A61F224B3620E002CB1AF /* FormaVerbalView.swift */ = {isa = PBXFileReference; lastKnownFileType = sourcecode.swift; path = FormaVerbalView.swift; sourceTree = "<group>"; };
		5F2A61F424B3669A002CB1AF /* FormasVerbalesList.swift */ = {isa = PBXFileReference; lastKnownFileType = sourcecode.swift; path = FormasVerbalesList.swift; sourceTree = "<group>"; };
		5F85800624378A0B007E0173 /* jStudy.app */ = {isa = PBXFileReference; explicitFileType = wrapper.application; includeInIndex = 0; path = jStudy.app; sourceTree = BUILT_PRODUCTS_DIR; };
		5F85800924378A0B007E0173 /* AppDelegate.swift */ = {isa = PBXFileReference; lastKnownFileType = sourcecode.swift; path = AppDelegate.swift; sourceTree = "<group>"; };
		5F85800B24378A0B007E0173 /* SceneDelegate.swift */ = {isa = PBXFileReference; lastKnownFileType = sourcecode.swift; path = SceneDelegate.swift; sourceTree = "<group>"; };
		5F85800D24378A0B007E0173 /* ContentView.swift */ = {isa = PBXFileReference; lastKnownFileType = sourcecode.swift; path = ContentView.swift; sourceTree = "<group>"; };
		5F85800F24378A0E007E0173 /* Assets.xcassets */ = {isa = PBXFileReference; lastKnownFileType = folder.assetcatalog; path = Assets.xcassets; sourceTree = "<group>"; };
		5F85801224378A0E007E0173 /* Preview Assets.xcassets */ = {isa = PBXFileReference; lastKnownFileType = folder.assetcatalog; path = "Preview Assets.xcassets"; sourceTree = "<group>"; };
		5F85801524378A0E007E0173 /* Base */ = {isa = PBXFileReference; lastKnownFileType = file.storyboard; name = Base; path = Base.lproj/LaunchScreen.storyboard; sourceTree = "<group>"; };
		5F85801724378A0E007E0173 /* Info.plist */ = {isa = PBXFileReference; lastKnownFileType = text.plist.xml; path = Info.plist; sourceTree = "<group>"; };
		5F85802124379A3C007E0173 /* Data.swift */ = {isa = PBXFileReference; lastKnownFileType = sourcecode.swift; path = Data.swift; sourceTree = "<group>"; };
		5F85802324379A87007E0173 /* Tema.swift */ = {isa = PBXFileReference; lastKnownFileType = sourcecode.swift; path = Tema.swift; sourceTree = "<group>"; };
		5F85802524379C72007E0173 /* TemaList.swift */ = {isa = PBXFileReference; lastKnownFileType = sourcecode.swift; path = TemaList.swift; sourceTree = "<group>"; };
		5F85802924379DC6007E0173 /* UserData.swift */ = {isa = PBXFileReference; lastKnownFileType = sourcecode.swift; path = UserData.swift; sourceTree = "<group>"; };
		5F85802B2437A53E007E0173 /* temaData.json */ = {isa = PBXFileReference; fileEncoding = 4; lastKnownFileType = text.json; path = temaData.json; sourceTree = "<group>"; };
		5F85802D2437BAB8007E0173 /* GramaticaList.swift */ = {isa = PBXFileReference; lastKnownFileType = sourcecode.swift; path = GramaticaList.swift; sourceTree = "<group>"; };
		5F85802F2437BB19007E0173 /* VocabularioList.swift */ = {isa = PBXFileReference; lastKnownFileType = sourcecode.swift; path = VocabularioList.swift; sourceTree = "<group>"; };
		5F8580312437BB5A007E0173 /* VocabularioRow.swift */ = {isa = PBXFileReference; lastKnownFileType = sourcecode.swift; path = VocabularioRow.swift; sourceTree = "<group>"; };
		5F8580332437D7AF007E0173 /* TemaView.swift */ = {isa = PBXFileReference; lastKnownFileType = sourcecode.swift; path = TemaView.swift; sourceTree = "<group>"; };
/* End PBXFileReference section */

/* Begin PBXFrameworksBuildPhase section */
		5F85800324378A0B007E0173 /* Frameworks */ = {
			isa = PBXFrameworksBuildPhase;
			buildActionMask = 2147483647;
			files = (
			);
			runOnlyForDeploymentPostprocessing = 0;
		};
/* End PBXFrameworksBuildPhase section */

/* Begin PBXGroup section */
		5F857FFD24378A0B007E0173 = {
			isa = PBXGroup;
			children = (
				5F85800824378A0B007E0173 /* jStudy */,
				5F85800724378A0B007E0173 /* Products */,
			);
			sourceTree = "<group>";
		};
		5F85800724378A0B007E0173 /* Products */ = {
			isa = PBXGroup;
			children = (
				5F85800624378A0B007E0173 /* jStudy.app */,
			);
			name = Products;
			sourceTree = "<group>";
		};
		5F85800824378A0B007E0173 /* jStudy */ = {
			isa = PBXGroup;
			children = (
				5F85800924378A0B007E0173 /* AppDelegate.swift */,
				5F85800B24378A0B007E0173 /* SceneDelegate.swift */,
				5F85800D24378A0B007E0173 /* ContentView.swift */,
				5F85802524379C72007E0173 /* TemaList.swift */,
				5F2A61F424B3669A002CB1AF /* FormasVerbalesList.swift */,
				5F85802D2437BAB8007E0173 /* GramaticaList.swift */,
				5F85802F2437BB19007E0173 /* VocabularioList.swift */,
				5F8580312437BB5A007E0173 /* VocabularioRow.swift */,
				5F2A61F224B3620E002CB1AF /* FormaVerbalView.swift */,
				5F08E9F724B35D340058C826 /* GrupoFVRow.swift */,
				5F2A61F024B360B5002CB1AF /* EjemploFVRow.swift */,
				5F8580332437D7AF007E0173 /* TemaView.swift */,
				5F85802024379A2D007E0173 /* Models */,
				5F85801D24378BB9007E0173 /* Resources */,
				5F85800F24378A0E007E0173 /* Assets.xcassets */,
				5F85801424378A0E007E0173 /* LaunchScreen.storyboard */,
				5F85801724378A0E007E0173 /* Info.plist */,
				5F85801124378A0E007E0173 /* Preview Content */,
			);
			path = jStudy;
			sourceTree = "<group>";
		};
		5F85801124378A0E007E0173 /* Preview Content */ = {
			isa = PBXGroup;
			children = (
				5F85801224378A0E007E0173 /* Preview Assets.xcassets */,
			);
			path = "Preview Content";
			sourceTree = "<group>";
		};
		5F85801D24378BB9007E0173 /* Resources */ = {
			isa = PBXGroup;
			children = (
				5F85802B2437A53E007E0173 /* temaData.json */,
				5F16CF7D24ACD8420033EF92 /* formasVerbalesData.json */,
			);
			path = Resources;
			sourceTree = "<group>";
		};
		5F85802024379A2D007E0173 /* Models */ = {
			isa = PBXGroup;
			children = (
				5F85802124379A3C007E0173 /* Data.swift */,
				5F85802324379A87007E0173 /* Tema.swift */,
				5F85802924379DC6007E0173 /* UserData.swift */,
			);
			path = Models;
			sourceTree = "<group>";
		};
/* End PBXGroup section */

/* Begin PBXNativeTarget section */
		5F85800524378A0B007E0173 /* jStudy */ = {
			isa = PBXNativeTarget;
			buildConfigurationList = 5F85801A24378A0E007E0173 /* Build configuration list for PBXNativeTarget "jStudy" */;
			buildPhases = (
				5F85800224378A0B007E0173 /* Sources */,
				5F85800324378A0B007E0173 /* Frameworks */,
				5F85800424378A0B007E0173 /* Resources */,
			);
			buildRules = (
			);
			dependencies = (
			);
			name = jStudy;
			productName = jStudy;
			productReference = 5F85800624378A0B007E0173 /* jStudy.app */;
			productType = "com.apple.product-type.application";
		};
/* End PBXNativeTarget section */

/* Begin PBXProject section */
		5F857FFE24378A0B007E0173 /* Project object */ = {
			isa = PBXProject;
			attributes = {
				LastSwiftUpdateCheck = 1130;
				LastUpgradeCheck = 1130;
				ORGANIZATIONNAME = Miotek;
				TargetAttributes = {
					5F85800524378A0B007E0173 = {
						CreatedOnToolsVersion = 11.3.1;
					};
				};
			};
			buildConfigurationList = 5F85800124378A0B007E0173 /* Build configuration list for PBXProject "jStudy" */;
			compatibilityVersion = "Xcode 9.3";
			developmentRegion = en;
			hasScannedForEncodings = 0;
			knownRegions = (
				en,
				Base,
			);
			mainGroup = 5F857FFD24378A0B007E0173;
			productRefGroup = 5F85800724378A0B007E0173 /* Products */;
			projectDirPath = "";
			projectRoot = "";
			targets = (
				5F85800524378A0B007E0173 /* jStudy */,
			);
		};
/* End PBXProject section */

/* Begin PBXResourcesBuildPhase section */
		5F85800424378A0B007E0173 /* Resources */ = {
			isa = PBXResourcesBuildPhase;
			buildActionMask = 2147483647;
			files = (
				5F85801624378A0E007E0173 /* LaunchScreen.storyboard in Resources */,
				5F16CF7E24ACD8420033EF92 /* formasVerbalesData.json in Resources */,
				5F85801324378A0E007E0173 /* Preview Assets.xcassets in Resources */,
				5F85802C2437A53E007E0173 /* temaData.json in Resources */,
				5F85801024378A0E007E0173 /* Assets.xcassets in Resources */,
			);
			runOnlyForDeploymentPostprocessing = 0;
		};
/* End PBXResourcesBuildPhase section */

/* Begin PBXSourcesBuildPhase section */
		5F85800224378A0B007E0173 /* Sources */ = {
			isa = PBXSourcesBuildPhase;
			buildActionMask = 2147483647;
			files = (
				5F2A61F124B360B5002CB1AF /* EjemploFVRow.swift in Sources */,
				5F85800A24378A0B007E0173 /* AppDelegate.swift in Sources */,
				5F85802224379A3C007E0173 /* Data.swift in Sources */,
				5F85802A24379DC6007E0173 /* UserData.swift in Sources */,
				5F85802E2437BAB8007E0173 /* GramaticaList.swift in Sources */,
				5F85802424379A87007E0173 /* Tema.swift in Sources */,
				5F2A61F324B3620E002CB1AF /* FormaVerbalView.swift in Sources */,
				5F8580342437D7AF007E0173 /* TemaView.swift in Sources */,
				5F85800C24378A0B007E0173 /* SceneDelegate.swift in Sources */,
				5F8580322437BB5A007E0173 /* VocabularioRow.swift in Sources */,
				5F08E9F824B35D340058C826 /* GrupoFVRow.swift in Sources */,
				5F8580302437BB19007E0173 /* VocabularioList.swift in Sources */,
				5F85802624379C72007E0173 /* TemaList.swift in Sources */,
				5F2A61F524B3669A002CB1AF /* FormasVerbalesList.swift in Sources */,
				5F85800E24378A0B007E0173 /* ContentView.swift in Sources */,
			);
			runOnlyForDeploymentPostprocessing = 0;
		};
/* End PBXSourcesBuildPhase section */

/* Begin PBXVariantGroup section */
		5F85801424378A0E007E0173 /* LaunchScreen.storyboard */ = {
			isa = PBXVariantGroup;
			children = (
				5F85801524378A0E007E0173 /* Base */,
			);
			name = LaunchScreen.storyboard;
			sourceTree = "<group>";
		};
/* End PBXVariantGroup section */

/* Begin XCBuildConfiguration section */
		5F85801824378A0E007E0173 /* Debug */ = {
			isa = XCBuildConfiguration;
			buildSettings = {
				ALWAYS_SEARCH_USER_PATHS = NO;
				CLANG_ANALYZER_NONNULL = YES;
				CLANG_ANALYZER_NUMBER_OBJECT_CONVERSION = YES_AGGRESSIVE;
				CLANG_CXX_LANGUAGE_STANDARD = "gnu++14";
				CLANG_CXX_LIBRARY = "libc++";
				CLANG_ENABLE_MODULES = YES;
				CLANG_ENABLE_OBJC_ARC = YES;
				CLANG_ENABLE_OBJC_WEAK = YES;
				CLANG_WARN_BLOCK_CAPTURE_AUTORELEASING = YES;
				CLANG_WARN_BOOL_CONVERSION = YES;
				CLANG_WARN_COMMA = YES;
				CLANG_WARN_CONSTANT_CONVERSION = YES;
				CLANG_WARN_DEPRECATED_OBJC_IMPLEMENTATIONS = YES;
				CLANG_WARN_DIRECT_OBJC_ISA_USAGE = YES_ERROR;
				CLANG_WARN_DOCUMENTATION_COMMENTS = YES;
				CLANG_WARN_EMPTY_BODY = YES;
				CLANG_WARN_ENUM_CONVERSION = YES;
				CLANG_WARN_INFINITE_RECURSION = YES;
				CLANG_WARN_INT_CONVERSION = YES;
				CLANG_WARN_NON_LITERAL_NULL_CONVERSION = YES;
				CLANG_WARN_OBJC_IMPLICIT_RETAIN_SELF = YES;
				CLANG_WARN_OBJC_LITERAL_CONVERSION = YES;
				CLANG_WARN_OBJC_ROOT_CLASS = YES_ERROR;
				CLANG_WARN_RANGE_LOOP_ANALYSIS = YES;
				CLANG_WARN_STRICT_PROTOTYPES = YES;
				CLANG_WARN_SUSPICIOUS_MOVE = YES;
				CLANG_WARN_UNGUARDED_AVAILABILITY = YES_AGGRESSIVE;
				CLANG_WARN_UNREACHABLE_CODE = YES;
				CLANG_WARN__DUPLICATE_METHOD_MATCH = YES;
				COPY_PHASE_STRIP = NO;
				DEBUG_INFORMATION_FORMAT = dwarf;
				ENABLE_STRICT_OBJC_MSGSEND = YES;
				ENABLE_TESTABILITY = YES;
				GCC_C_LANGUAGE_STANDARD = gnu11;
				GCC_DYNAMIC_NO_PIC = NO;
				GCC_NO_COMMON_BLOCKS = YES;
				GCC_OPTIMIZATION_LEVEL = 0;
				GCC_PREPROCESSOR_DEFINITIONS = (
					"DEBUG=1",
					"$(inherited)",
				);
				GCC_WARN_64_TO_32_BIT_CONVERSION = YES;
				GCC_WARN_ABOUT_RETURN_TYPE = YES_ERROR;
				GCC_WARN_UNDECLARED_SELECTOR = YES;
				GCC_WARN_UNINITIALIZED_AUTOS = YES_AGGRESSIVE;
				GCC_WARN_UNUSED_FUNCTION = YES;
				GCC_WARN_UNUSED_VARIABLE = YES;
				IPHONEOS_DEPLOYMENT_TARGET = 13.2;
				MTL_ENABLE_DEBUG_INFO = INCLUDE_SOURCE;
				MTL_FAST_MATH = YES;
				ONLY_ACTIVE_ARCH = YES;
				SDKROOT = iphoneos;
				SWIFT_ACTIVE_COMPILATION_CONDITIONS = DEBUG;
				SWIFT_OPTIMIZATION_LEVEL = "-Onone";
			};
			name = Debug;
		};
		5F85801924378A0E007E0173 /* Release */ = {
			isa = XCBuildConfiguration;
			buildSettings = {
				ALWAYS_SEARCH_USER_PATHS = NO;
				CLANG_ANALYZER_NONNULL = YES;
				CLANG_ANALYZER_NUMBER_OBJECT_CONVERSION = YES_AGGRESSIVE;
				CLANG_CXX_LANGUAGE_STANDARD = "gnu++14";
				CLANG_CXX_LIBRARY = "libc++";
				CLANG_ENABLE_MODULES = YES;
				CLANG_ENABLE_OBJC_ARC = YES;
				CLANG_ENABLE_OBJC_WEAK = YES;
				CLANG_WARN_BLOCK_CAPTURE_AUTORELEASING = YES;
				CLANG_WARN_BOOL_CONVERSION = YES;
				CLANG_WARN_COMMA = YES;
				CLANG_WARN_CONSTANT_CONVERSION = YES;
				CLANG_WARN_DEPRECATED_OBJC_IMPLEMENTATIONS = YES;
				CLANG_WARN_DIRECT_OBJC_ISA_USAGE = YES_ERROR;
				CLANG_WARN_DOCUMENTATION_COMMENTS = YES;
				CLANG_WARN_EMPTY_BODY = YES;
				CLANG_WARN_ENUM_CONVERSION = YES;
				CLANG_WARN_INFINITE_RECURSION = YES;
				CLANG_WARN_INT_CONVERSION = YES;
				CLANG_WARN_NON_LITERAL_NULL_CONVERSION = YES;
				CLANG_WARN_OBJC_IMPLICIT_RETAIN_SELF = YES;
				CLANG_WARN_OBJC_LITERAL_CONVERSION = YES;
				CLANG_WARN_OBJC_ROOT_CLASS = YES_ERROR;
				CLANG_WARN_RANGE_LOOP_ANALYSIS = YES;
				CLANG_WARN_STRICT_PROTOTYPES = YES;
				CLANG_WARN_SUSPICIOUS_MOVE = YES;
				CLANG_WARN_UNGUARDED_AVAILABILITY = YES_AGGRESSIVE;
				CLANG_WARN_UNREACHABLE_CODE = YES;
				CLANG_WARN__DUPLICATE_METHOD_MATCH = YES;
				COPY_PHASE_STRIP = NO;
				DEBUG_INFORMATION_FORMAT = "dwarf-with-dsym";
				ENABLE_NS_ASSERTIONS = NO;
				ENABLE_STRICT_OBJC_MSGSEND = YES;
				GCC_C_LANGUAGE_STANDARD = gnu11;
				GCC_NO_COMMON_BLOCKS = YES;
				GCC_WARN_64_TO_32_BIT_CONVERSION = YES;
				GCC_WARN_ABOUT_RETURN_TYPE = YES_ERROR;
				GCC_WARN_UNDECLARED_SELECTOR = YES;
				GCC_WARN_UNINITIALIZED_AUTOS = YES_AGGRESSIVE;
				GCC_WARN_UNUSED_FUNCTION = YES;
				GCC_WARN_UNUSED_VARIABLE = YES;
				IPHONEOS_DEPLOYMENT_TARGET = 13.2;
				MTL_ENABLE_DEBUG_INFO = NO;
				MTL_FAST_MATH = YES;
				SDKROOT = iphoneos;
				SWIFT_COMPILATION_MODE = wholemodule;
				SWIFT_OPTIMIZATION_LEVEL = "-O";
				VALIDATE_PRODUCT = YES;
			};
			name = Release;
		};
		5F85801B24378A0E007E0173 /* Debug */ = {
			isa = XCBuildConfiguration;
			buildSettings = {
				ASSETCATALOG_COMPILER_APPICON_NAME = AppIcon;
				CODE_SIGN_STYLE = Automatic;
				DEVELOPMENT_ASSET_PATHS = "\"jStudy/Preview Content\"";
				DEVELOPMENT_TEAM = JJRB8HR957;
				ENABLE_PREVIEWS = YES;
				INFOPLIST_FILE = jStudy/Info.plist;
				LD_RUNPATH_SEARCH_PATHS = (
					"$(inherited)",
					"@executable_path/Frameworks",
				);
				MARKETING_VERSION = 2.0;
				PRODUCT_BUNDLE_IDENTIFIER = yoana.jStudy;
				PRODUCT_NAME = "$(TARGET_NAME)";
				SWIFT_VERSION = 5.0;
				TARGETED_DEVICE_FAMILY = "1,2";
			};
			name = Debug;
		};
		5F85801C24378A0E007E0173 /* Release */ = {
			isa = XCBuildConfiguration;
			buildSettings = {
				ASSETCATALOG_COMPILER_APPICON_NAME = AppIcon;
				CODE_SIGN_STYLE = Automatic;
				DEVELOPMENT_ASSET_PATHS = "\"jStudy/Preview Content\"";
				DEVELOPMENT_TEAM = JJRB8HR957;
				ENABLE_PREVIEWS = YES;
				INFOPLIST_FILE = jStudy/Info.plist;
				LD_RUNPATH_SEARCH_PATHS = (
					"$(inherited)",
					"@executable_path/Frameworks",
				);
				MARKETING_VERSION = 2.0;
				PRODUCT_BUNDLE_IDENTIFIER = yoana.jStudy;
				PRODUCT_NAME = "$(TARGET_NAME)";
				SWIFT_VERSION = 5.0;
				TARGETED_DEVICE_FAMILY = "1,2";
			};
			name = Release;
		};
/* End XCBuildConfiguration section */

/* Begin XCConfigurationList section */
		5F85800124378A0B007E0173 /* Build configuration list for PBXProject "jStudy" */ = {
			isa = XCConfigurationList;
			buildConfigurations = (
				5F85801824378A0E007E0173 /* Debug */,
				5F85801924378A0E007E0173 /* Release */,
			);
			defaultConfigurationIsVisible = 0;
			defaultConfigurationName = Release;
		};
		5F85801A24378A0E007E0173 /* Build configuration list for PBXNativeTarget "jStudy" */ = {
			isa = XCConfigurationList;
			buildConfigurations = (
				5F85801B24378A0E007E0173 /* Debug */,
				5F85801C24378A0E007E0173 /* Release */,
			);
			defaultConfigurationIsVisible = 0;
			defaultConfigurationName = Release;
		};
/* End XCConfigurationList section */
	};
	rootObject = 5F857FFE24378A0B007E0173 /* Project object */;
}
